
Microsoft Visual Studio Solution File, Format Version 12.00
# Visual Studio Version 16
VisualStudioVersion = 16.0.31410.357
MinimumVisualStudioVersion = 10.0.40219.1
Project("{9A19103F-16F7-4668-BE54-9A1E7A4F7556}") = "AssetStudio", "AssetStudio\AssetStudio.csproj", "{422FEC21-EF60-4F29-AA56-95DFDA23C913}"
EndProject
Project("{9A19103F-16F7-4668-BE54-9A1E7A4F7556}") = "AssetStudio.PInvoke", "AssetStudio.PInvoke\AssetStudio.PInvoke.csproj", "{0B2BE613-3049-4021-85D1-21C325F729F4}"
EndProject
Project("{9A19103F-16F7-4668-BE54-9A1E7A4F7556}") = "AssetStudioFBXWrapper", "AssetStudioFBXWrapper\AssetStudioFBXWrapper.csproj", "{E301AFEA-84E7-4BCE-8D65-A2576D8D105B}"
	ProjectSection(ProjectDependencies) = postProject
		{11EA25A3-ED68-40EE-A9D0-7FDE3B583027} = {11EA25A3-ED68-40EE-A9D0-7FDE3B583027}
	EndProjectSection
EndProject
Project("{9A19103F-16F7-4668-BE54-9A1E7A4F7556}") = "AssetStudioGUI", "AssetStudioGUI\AssetStudioGUI.csproj", "{29EAD018-1C67-497A-AB8E-727D595AD756}"
EndProject
Project("{9A19103F-16F7-4668-BE54-9A1E7A4F7556}") = "AssetStudioUtility", "AssetStudioUtility\AssetStudioUtility.csproj", "{65EAFFA3-01D3-4EF5-B092-8B4647E9A1FF}"
EndProject
Project("{9A19103F-16F7-4668-BE54-9A1E7A4F7556}") = "Texture2DDecoderWrapper", "Texture2DDecoderWrapper\Texture2DDecoderWrapper.csproj", "{6438FEC1-56B0-488C-A5E2-FBDB23E9574B}"
	ProjectSection(ProjectDependencies) = postProject
		{29356642-C46E-4144-83D8-22DC09D0D7FD} = {29356642-C46E-4144-83D8-22DC09D0D7FD}
	EndProjectSection
EndProject
Project("{8BC9CEB8-8B4A-11D0-8D11-00A0C91BC942}") = "AssetStudioFBXNative", "AssetStudioFBXNative\AssetStudioFBXNative.vcxproj", "{11EA25A3-ED68-40EE-A9D0-7FDE3B583027}"
EndProject
Project("{8BC9CEB8-8B4A-11D0-8D11-00A0C91BC942}") = "Texture2DDecoderNative", "Texture2DDecoderNative\Texture2DDecoderNative.vcxproj", "{29356642-C46E-4144-83D8-22DC09D0D7FD}"
EndProject
Global
	GlobalSection(SolutionConfigurationPlatforms) = preSolution
		Debug|Any CPU = Debug|Any CPU
		Debug|x64 = Debug|x64
		Debug|x86 = Debug|x86
		Release|Any CPU = Release|Any CPU
		Release|x64 = Release|x64
		Release|x86 = Release|x86
	EndGlobalSection
	GlobalSection(ProjectConfigurationPlatforms) = postSolution
		{422FEC21-EF60-4F29-AA56-95DFDA23C913}.Debug|Any CPU.ActiveCfg = Debug|Any CPU
		{422FEC21-EF60-4F29-AA56-95DFDA23C913}.Debug|Any CPU.Build.0 = Debug|Any CPU
		{422FEC21-EF60-4F29-AA56-95DFDA23C913}.Debug|x64.ActiveCfg = Debug|Any CPU
		{422FEC21-EF60-4F29-AA56-95DFDA23C913}.Debug|x64.Build.0 = Debug|Any CPU
		{422FEC21-EF60-4F29-AA56-95DFDA23C913}.Debug|x86.ActiveCfg = Debug|Any CPU
		{422FEC21-EF60-4F29-AA56-95DFDA23C913}.Debug|x86.Build.0 = Debug|Any CPU
		{422FEC21-EF60-4F29-AA56-95DFDA23C913}.Release|Any CPU.ActiveCfg = Release|Any CPU
		{422FEC21-EF60-4F29-AA56-95DFDA23C913}.Release|Any CPU.Build.0 = Release|Any CPU
		{422FEC21-EF60-4F29-AA56-95DFDA23C913}.Release|x64.ActiveCfg = Release|Any CPU
		{422FEC21-EF60-4F29-AA56-95DFDA23C913}.Release|x64.Build.0 = Release|Any CPU
		{422FEC21-EF60-4F29-AA56-95DFDA23C913}.Release|x86.ActiveCfg = Release|Any CPU
		{422FEC21-EF60-4F29-AA56-95DFDA23C913}.Release|x86.Build.0 = Release|Any CPU
		{0B2BE613-3049-4021-85D1-21C325F729F4}.Debug|Any CPU.ActiveCfg = Debug|Any CPU
		{0B2BE613-3049-4021-85D1-21C325F729F4}.Debug|Any CPU.Build.0 = Debug|Any CPU
		{0B2BE613-3049-4021-85D1-21C325F729F4}.Debug|x64.ActiveCfg = Debug|Any CPU
		{0B2BE613-3049-4021-85D1-21C325F729F4}.Debug|x64.Build.0 = Debug|Any CPU
		{0B2BE613-3049-4021-85D1-21C325F729F4}.Debug|x86.ActiveCfg = Debug|Any CPU
		{0B2BE613-3049-4021-85D1-21C325F729F4}.Debug|x86.Build.0 = Debug|Any CPU
		{0B2BE613-3049-4021-85D1-21C325F729F4}.Release|Any CPU.ActiveCfg = Release|Any CPU
		{0B2BE613-3049-4021-85D1-21C325F729F4}.Release|Any CPU.Build.0 = Release|Any CPU
		{0B2BE613-3049-4021-85D1-21C325F729F4}.Release|x64.ActiveCfg = Release|Any CPU
		{0B2BE613-3049-4021-85D1-21C325F729F4}.Release|x64.Build.0 = Release|Any CPU
		{0B2BE613-3049-4021-85D1-21C325F729F4}.Release|x86.ActiveCfg = Release|Any CPU
		{0B2BE613-3049-4021-85D1-21C325F729F4}.Release|x86.Build.0 = Release|Any CPU
		{E301AFEA-84E7-4BCE-8D65-A2576D8D105B}.Debug|Any CPU.ActiveCfg = Debug|Any CPU
		{E301AFEA-84E7-4BCE-8D65-A2576D8D105B}.Debug|Any CPU.Build.0 = Debug|Any CPU
		{E301AFEA-84E7-4BCE-8D65-A2576D8D105B}.Debug|x64.ActiveCfg = Debug|Any CPU
		{E301AFEA-84E7-4BCE-8D65-A2576D8D105B}.Debug|x64.Build.0 = Debug|Any CPU
		{E301AFEA-84E7-4BCE-8D65-A2576D8D105B}.Debug|x86.ActiveCfg = Debug|Any CPU
		{E301AFEA-84E7-4BCE-8D65-A2576D8D105B}.Debug|x86.Build.0 = Debug|Any CPU
		{E301AFEA-84E7-4BCE-8D65-A2576D8D105B}.Release|Any CPU.ActiveCfg = Release|Any CPU
		{E301AFEA-84E7-4BCE-8D65-A2576D8D105B}.Release|Any CPU.Build.0 = Release|Any CPU
		{E301AFEA-84E7-4BCE-8D65-A2576D8D105B}.Release|x64.ActiveCfg = Release|Any CPU
		{E301AFEA-84E7-4BCE-8D65-A2576D8D105B}.Release|x64.Build.0 = Release|Any CPU
		{E301AFEA-84E7-4BCE-8D65-A2576D8D105B}.Release|x86.ActiveCfg = Release|Any CPU
		{E301AFEA-84E7-4BCE-8D65-A2576D8D105B}.Release|x86.Build.0 = Release|Any CPU
		{29EAD018-1C67-497A-AB8E-727D595AD756}.Debug|Any CPU.ActiveCfg = Debug|Any CPU
		{29EAD018-1C67-497A-AB8E-727D595AD756}.Debug|Any CPU.Build.0 = Debug|Any CPU
		{29EAD018-1C67-497A-AB8E-727D595AD756}.Debug|x64.ActiveCfg = Debug|Any CPU
		{29EAD018-1C67-497A-AB8E-727D595AD756}.Debug|x64.Build.0 = Debug|Any CPU
		{29EAD018-1C67-497A-AB8E-727D595AD756}.Debug|x86.ActiveCfg = Debug|Any CPU
		{29EAD018-1C67-497A-AB8E-727D595AD756}.Debug|x86.Build.0 = Debug|Any CPU
		{29EAD018-1C67-497A-AB8E-727D595AD756}.Release|Any CPU.ActiveCfg = Release|Any CPU
		{29EAD018-1C67-497A-AB8E-727D595AD756}.Release|Any CPU.Build.0 = Release|Any CPU
		{29EAD018-1C67-497A-AB8E-727D595AD756}.Release|x64.ActiveCfg = Release|Any CPU
		{29EAD018-1C67-497A-AB8E-727D595AD756}.Release|x64.Build.0 = Release|Any CPU
		{29EAD018-1C67-497A-AB8E-727D595AD756}.Release|x86.ActiveCfg = Release|Any CPU
		{29EAD018-1C67-497A-AB8E-727D595AD756}.Release|x86.Build.0 = Release|Any CPU
		{65EAFFA3-01D3-4EF5-B092-8B4647E9A1FF}.Debug|Any CPU.ActiveCfg = Debug|Any CPU
		{65EAFFA3-01D3-4EF5-B092-8B4647E9A1FF}.Debug|Any CPU.Build.0 = Debug|Any CPU
		{65EAFFA3-01D3-4EF5-B092-8B4647E9A1FF}.Debug|x64.ActiveCfg = Debug|Any CPU
		{65EAFFA3-01D3-4EF5-B092-8B4647E9A1FF}.Debug|x64.Build.0 = Debug|Any CPU
		{65EAFFA3-01D3-4EF5-B092-8B4647E9A1FF}.Debug|x86.ActiveCfg = Debug|Any CPU
		{65EAFFA3-01D3-4EF5-B092-8B4647E9A1FF}.Debug|x86.Build.0 = Debug|Any CPU
		{65EAFFA3-01D3-4EF5-B092-8B4647E9A1FF}.Release|Any CPU.ActiveCfg = Release|Any CPU
		{65EAFFA3-01D3-4EF5-B092-8B4647E9A1FF}.Release|Any CPU.Build.0 = Release|Any CPU
		{65EAFFA3-01D3-4EF5-B092-8B4647E9A1FF}.Release|x64.ActiveCfg = Release|Any CPU
		{65EAFFA3-01D3-4EF5-B092-8B4647E9A1FF}.Release|x64.Build.0 = Release|Any CPU
		{65EAFFA3-01D3-4EF5-B092-8B4647E9A1FF}.Release|x86.ActiveCfg = Release|Any CPU
		{65EAFFA3-01D3-4EF5-B092-8B4647E9A1FF}.Release|x86.Build.0 = Release|Any CPU
		{6438FEC1-56B0-488C-A5E2-FBDB23E9574B}.Debug|Any CPU.ActiveCfg = Debug|Any CPU
		{6438FEC1-56B0-488C-A5E2-FBDB23E9574B}.Debug|Any CPU.Build.0 = Debug|Any CPU
		{6438FEC1-56B0-488C-A5E2-FBDB23E9574B}.Debug|x64.ActiveCfg = Debug|Any CPU
		{6438FEC1-56B0-488C-A5E2-FBDB23E9574B}.Debug|x64.Build.0 = Debug|Any CPU
		{6438FEC1-56B0-488C-A5E2-FBDB23E9574B}.Debug|x86.ActiveCfg = Debug|Any CPU
		{6438FEC1-56B0-488C-A5E2-FBDB23E9574B}.Debug|x86.Build.0 = Debug|Any CPU
		{6438FEC1-56B0-488C-A5E2-FBDB23E9574B}.Release|Any CPU.ActiveCfg = Release|Any CPU
		{6438FEC1-56B0-488C-A5E2-FBDB23E9574B}.Release|Any CPU.Build.0 = Release|Any CPU
		{6438FEC1-56B0-488C-A5E2-FBDB23E9574B}.Release|x64.ActiveCfg = Release|Any CPU
		{6438FEC1-56B0-488C-A5E2-FBDB23E9574B}.Release|x64.Build.0 = Release|Any CPU
		{6438FEC1-56B0-488C-A5E2-FBDB23E9574B}.Release|x86.ActiveCfg = Release|Any CPU
		{6438FEC1-56B0-488C-A5E2-FBDB23E9574B}.Release|x86.Build.0 = Release|Any CPU
		{11EA25A3-ED68-40EE-A9D0-7FDE3B583027}.Debug|Any CPU.ActiveCfg = Debug|Win32
		{11EA25A3-ED68-40EE-A9D0-7FDE3B583027}.Debug|Any CPU.Build.0 = Debug|Win32
		{11EA25A3-ED68-40EE-A9D0-7FDE3B583027}.Debug|x64.ActiveCfg = Debug|x64
		{11EA25A3-ED68-40EE-A9D0-7FDE3B583027}.Debug|x64.Build.0 = Debug|x64
		{11EA25A3-ED68-40EE-A9D0-7FDE3B583027}.Debug|x86.ActiveCfg = Debug|Win32
		{11EA25A3-ED68-40EE-A9D0-7FDE3B583027}.Debug|x86.Build.0 = Debug|Win32
		{11EA25A3-ED68-40EE-A9D0-7FDE3B583027}.Release|Any CPU.ActiveCfg = Release|Win32
		{11EA25A3-ED68-40EE-A9D0-7FDE3B583027}.Release|Any CPU.Build.0 = Release|Win32
		{11EA25A3-ED68-40EE-A9D0-7FDE3B583027}.Release|x64.ActiveCfg = Release|x64
		{11EA25A3-ED68-40EE-A9D0-7FDE3B583027}.Release|x64.Build.0 = Release|x64
		{11EA25A3-ED68-40EE-A9D0-7FDE3B583027}.Release|x86.ActiveCfg = Release|Win32
		{11EA25A3-ED68-40EE-A9D0-7FDE3B583027}.Release|x86.Build.0 = Release|Win32
		{29356642-C46E-4144-83D8-22DC09D0D7FD}.Debug|Any CPU.ActiveCfg = Debug|Win32
		{29356642-C46E-4144-83D8-22DC09D0D7FD}.Debug|Any CPU.Build.0 = Debug|Win32
		{29356642-C46E-4144-83D8-22DC09D0D7FD}.Debug|x64.ActiveCfg = Debug|x64
		{29356642-C46E-4144-83D8-22DC09D0D7FD}.Debug|x64.Build.0 = Debug|x64
		{29356642-C46E-4144-83D8-22DC09D0D7FD}.Debug|x86.ActiveCfg = Debug|Win32
		{29356642-C46E-4144-83D8-22DC09D0D7FD}.Debug|x86.Build.0 = Debug|Win32
		{29356642-C46E-4144-83D8-22DC09D0D7FD}.Release|Any CPU.ActiveCfg = Release|Win32
		{29356642-C46E-4144-83D8-22DC09D0D7FD}.Release|Any CPU.Build.0 = Release|Win32
		{29356642-C46E-4144-83D8-22DC09D0D7FD}.Release|x64.ActiveCfg = Release|x64
		{29356642-C46E-4144-83D8-22DC09D0D7FD}.Release|x64.Build.0 = Release|x64
		{29356642-C46E-4144-83D8-22DC09D0D7FD}.Release|x86.ActiveCfg = Release|Win32
		{29356642-C46E-4144-83D8-22DC09D0D7FD}.Release|x86.Build.0 = Release|Win32
	EndGlobalSection
	GlobalSection(SolutionProperties) = preSolution
		HideSolutionNode = FALSE
	EndGlobalSection
	GlobalSection(ExtensibilityGlobals) = postSolution
		SolutionGuid = {3C074481-9CDD-4780-B9F6-57BBC5092EA2}
	EndGlobalSection
EndGlobal
