
Microsoft Visual Studio Solution File, Format Version 12.00
# Visual Studio Version 16
VisualStudioVersion = 16.0.29920.165
MinimumVisualStudioVersion = 10.0.40219.1
Project("{FAE04EC0-301F-11D3-BF4B-00C04F79EFBC}") = "AssetStudio", "AssetStudio\AssetStudio.csproj", "{7662F8C2-7BFD-442E-A948-A43B4F7EB06E}"
EndProject
Project("{FAE04EC0-301F-11D3-BF4B-00C04F79EFBC}") = "AssetStudioUtility", "AssetStudioUtility\AssetStudioUtility.csproj", "{80AEC261-21EE-4E4F-A93B-7A744DC84888}"
EndProject
Project("{FAE04EC0-301F-11D3-BF4B-00C04F79EFBC}") = "AssetStudioGUI", "AssetStudioGUI\AssetStudioGUI.csproj", "{52B196FB-4C8A-499B-B877-1A0EB4F33EC0}"
EndProject
Project("{8BC9CEB8-8B4A-11D0-8D11-00A0C91BC942}") = "AssetStudioFBXNative", "AssetStudioFBXNative\AssetStudioFBXNative.vcxproj", "{11EA25A3-ED68-40EE-A9D0-7FDE3B583027}"
EndProject
Project("{FAE04EC0-301F-11D3-BF4B-00C04F79EFBC}") = "AssetStudioFBXWrapper", "AssetStudioFBXWrapper\AssetStudioFBXWrapper.csproj", "{BD76E63F-1517-47FA-8233-33E853A3ACEE}"
	ProjectSection(ProjectDependencies) = postProject
		{11EA25A3-ED68-40EE-A9D0-7FDE3B583027} = {11EA25A3-ED68-40EE-A9D0-7FDE3B583027}
	EndProjectSection
EndProject
Project("{8BC9CEB8-8B4A-11D0-8D11-00A0C91BC942}") = "Texture2DDecoderNative", "Texture2DDecoderNative\Texture2DDecoderNative.vcxproj", "{29356642-C46E-4144-83D8-22DC09D0D7FD}"
EndProject
Project("{FAE04EC0-301F-11D3-BF4B-00C04F79EFBC}") = "Texture2DDecoderWrapper", "Texture2DDecoderWrapper\Texture2DDecoderWrapper.csproj", "{2AFCE830-B463-49B3-A026-877E5EAFC0A4}"
	ProjectSection(ProjectDependencies) = postProject
		{29356642-C46E-4144-83D8-22DC09D0D7FD} = {29356642-C46E-4144-83D8-22DC09D0D7FD}
	EndProjectSection
EndProject
Project("{FAE04EC0-301F-11D3-BF4B-00C04F79EFBC}") = "AssetStudio.PInvoke", "AssetStudio.PInvoke\AssetStudio.PInvoke.csproj", "{40C796B5-88CE-4ADC-ACD6-2F4862B7F136}"
EndProject
Global
	GlobalSection(SolutionConfigurationPlatforms) = preSolution
		Debug|Any CPU = Debug|Any CPU
		Debug|x64 = Debug|x64
		Debug|x86 = Debug|x86
		Release|Any CPU = Release|Any CPU
		Release|x64 = Release|x64
		Release|x86 = Release|x86
	EndGlobalSection
	GlobalSection(ProjectConfigurationPlatforms) = postSolution
		{7662F8C2-7BFD-442E-A948-A43B4F7EB06E}.Debug|Any CPU.ActiveCfg = Debug|Any CPU
		{7662F8C2-7BFD-442E-A948-A43B4F7EB06E}.Debug|Any CPU.Build.0 = Debug|Any CPU
		{7662F8C2-7BFD-442E-A948-A43B4F7EB06E}.Debug|x64.ActiveCfg = Debug|Any CPU
		{7662F8C2-7BFD-442E-A948-A43B4F7EB06E}.Debug|x64.Build.0 = Debug|Any CPU
		{7662F8C2-7BFD-442E-A948-A43B4F7EB06E}.Debug|x86.ActiveCfg = Debug|Any CPU
		{7662F8C2-7BFD-442E-A948-A43B4F7EB06E}.Debug|x86.Build.0 = Debug|Any CPU
		{7662F8C2-7BFD-442E-A948-A43B4F7EB06E}.Release|Any CPU.ActiveCfg = Release|Any CPU
		{7662F8C2-7BFD-442E-A948-A43B4F7EB06E}.Release|Any CPU.Build.0 = Release|Any CPU
		{7662F8C2-7BFD-442E-A948-A43B4F7EB06E}.Release|x64.ActiveCfg = Release|Any CPU
		{7662F8C2-7BFD-442E-A948-A43B4F7EB06E}.Release|x64.Build.0 = Release|Any CPU
		{7662F8C2-7BFD-442E-A948-A43B4F7EB06E}.Release|x86.ActiveCfg = Release|Any CPU
		{7662F8C2-7BFD-442E-A948-A43B4F7EB06E}.Release|x86.Build.0 = Release|Any CPU
		{80AEC261-21EE-4E4F-A93B-7A744DC84888}.Debug|Any CPU.ActiveCfg = Debug|Any CPU
		{80AEC261-21EE-4E4F-A93B-7A744DC84888}.Debug|Any CPU.Build.0 = Debug|Any CPU
		{80AEC261-21EE-4E4F-A93B-7A744DC84888}.Debug|x64.ActiveCfg = Debug|Any CPU
		{80AEC261-21EE-4E4F-A93B-7A744DC84888}.Debug|x64.Build.0 = Debug|Any CPU
		{80AEC261-21EE-4E4F-A93B-7A744DC84888}.Debug|x86.ActiveCfg = Debug|Any CPU
		{80AEC261-21EE-4E4F-A93B-7A744DC84888}.Debug|x86.Build.0 = Debug|Any CPU
		{80AEC261-21EE-4E4F-A93B-7A744DC84888}.Release|Any CPU.ActiveCfg = Release|Any CPU
		{80AEC261-21EE-4E4F-A93B-7A744DC84888}.Release|Any CPU.Build.0 = Release|Any CPU
		{80AEC261-21EE-4E4F-A93B-7A744DC84888}.Release|x64.ActiveCfg = Release|Any CPU
		{80AEC261-21EE-4E4F-A93B-7A744DC84888}.Release|x64.Build.0 = Release|Any CPU
		{80AEC261-21EE-4E4F-A93B-7A744DC84888}.Release|x86.ActiveCfg = Release|Any CPU
		{80AEC261-21EE-4E4F-A93B-7A744DC84888}.Release|x86.Build.0 = Release|Any CPU
		{52B196FB-4C8A-499B-B877-1A0EB4F33EC0}.Debug|Any CPU.ActiveCfg = Debug|Any CPU
		{52B196FB-4C8A-499B-B877-1A0EB4F33EC0}.Debug|Any CPU.Build.0 = Debug|Any CPU
		{52B196FB-4C8A-499B-B877-1A0EB4F33EC0}.Debug|x64.ActiveCfg = Debug|Any CPU
		{52B196FB-4C8A-499B-B877-1A0EB4F33EC0}.Debug|x64.Build.0 = Debug|Any CPU
		{52B196FB-4C8A-499B-B877-1A0EB4F33EC0}.Debug|x86.ActiveCfg = Debug|Any CPU
		{52B196FB-4C8A-499B-B877-1A0EB4F33EC0}.Debug|x86.Build.0 = Debug|Any CPU
		{52B196FB-4C8A-499B-B877-1A0EB4F33EC0}.Release|Any CPU.ActiveCfg = Release|Any CPU
		{52B196FB-4C8A-499B-B877-1A0EB4F33EC0}.Release|Any CPU.Build.0 = Release|Any CPU
		{52B196FB-4C8A-499B-B877-1A0EB4F33EC0}.Release|x64.ActiveCfg = Release|Any CPU
		{52B196FB-4C8A-499B-B877-1A0EB4F33EC0}.Release|x64.Build.0 = Release|Any CPU
		{52B196FB-4C8A-499B-B877-1A0EB4F33EC0}.Release|x86.ActiveCfg = Release|Any CPU
		{52B196FB-4C8A-499B-B877-1A0EB4F33EC0}.Release|x86.Build.0 = Release|Any CPU
		{11EA25A3-ED68-40EE-A9D0-7FDE3B583027}.Debug|Any CPU.ActiveCfg = Debug|Win32
		{11EA25A3-ED68-40EE-A9D0-7FDE3B583027}.Debug|Any CPU.Build.0 = Debug|Win32
		{11EA25A3-ED68-40EE-A9D0-7FDE3B583027}.Debug|x64.ActiveCfg = Debug|x64
		{11EA25A3-ED68-40EE-A9D0-7FDE3B583027}.Debug|x64.Build.0 = Debug|x64
		{11EA25A3-ED68-40EE-A9D0-7FDE3B583027}.Debug|x86.ActiveCfg = Debug|Win32
		{11EA25A3-ED68-40EE-A9D0-7FDE3B583027}.Debug|x86.Build.0 = Debug|Win32
		{11EA25A3-ED68-40EE-A9D0-7FDE3B583027}.Release|Any CPU.ActiveCfg = Release|Win32
		{11EA25A3-ED68-40EE-A9D0-7FDE3B583027}.Release|Any CPU.Build.0 = Release|Win32
		{11EA25A3-ED68-40EE-A9D0-7FDE3B583027}.Release|x64.ActiveCfg = Release|x64
		{11EA25A3-ED68-40EE-A9D0-7FDE3B583027}.Release|x64.Build.0 = Release|x64
		{11EA25A3-ED68-40EE-A9D0-7FDE3B583027}.Release|x86.ActiveCfg = Release|Win32
		{11EA25A3-ED68-40EE-A9D0-7FDE3B583027}.Release|x86.Build.0 = Release|Win32
		{BD76E63F-1517-47FA-8233-33E853A3ACEE}.Debug|Any CPU.ActiveCfg = Debug|Any CPU
		{BD76E63F-1517-47FA-8233-33E853A3ACEE}.Debug|Any CPU.Build.0 = Debug|Any CPU
		{BD76E63F-1517-47FA-8233-33E853A3ACEE}.Debug|x64.ActiveCfg = Debug|Any CPU
		{BD76E63F-1517-47FA-8233-33E853A3ACEE}.Debug|x64.Build.0 = Debug|Any CPU
		{BD76E63F-1517-47FA-8233-33E853A3ACEE}.Debug|x86.ActiveCfg = Debug|Any CPU
		{BD76E63F-1517-47FA-8233-33E853A3ACEE}.Debug|x86.Build.0 = Debug|Any CPU
		{BD76E63F-1517-47FA-8233-33E853A3ACEE}.Release|Any CPU.ActiveCfg = Release|Any CPU
		{BD76E63F-1517-47FA-8233-33E853A3ACEE}.Release|Any CPU.Build.0 = Release|Any CPU
		{BD76E63F-1517-47FA-8233-33E853A3ACEE}.Release|x64.ActiveCfg = Release|Any CPU
		{BD76E63F-1517-47FA-8233-33E853A3ACEE}.Release|x64.Build.0 = Release|Any CPU
		{BD76E63F-1517-47FA-8233-33E853A3ACEE}.Release|x86.ActiveCfg = Release|Any CPU
		{BD76E63F-1517-47FA-8233-33E853A3ACEE}.Release|x86.Build.0 = Release|Any CPU
		{29356642-C46E-4144-83D8-22DC09D0D7FD}.Debug|Any CPU.ActiveCfg = Debug|Win32
		{29356642-C46E-4144-83D8-22DC09D0D7FD}.Debug|Any CPU.Build.0 = Debug|Win32
		{29356642-C46E-4144-83D8-22DC09D0D7FD}.Debug|x64.ActiveCfg = Debug|x64
		{29356642-C46E-4144-83D8-22DC09D0D7FD}.Debug|x64.Build.0 = Debug|x64
		{29356642-C46E-4144-83D8-22DC09D0D7FD}.Debug|x86.ActiveCfg = Debug|Win32
		{29356642-C46E-4144-83D8-22DC09D0D7FD}.Debug|x86.Build.0 = Debug|Win32
		{29356642-C46E-4144-83D8-22DC09D0D7FD}.Release|Any CPU.ActiveCfg = Release|Win32
		{29356642-C46E-4144-83D8-22DC09D0D7FD}.Release|Any CPU.Build.0 = Release|Win32
		{29356642-C46E-4144-83D8-22DC09D0D7FD}.Release|x64.ActiveCfg = Release|x64
		{29356642-C46E-4144-83D8-22DC09D0D7FD}.Release|x64.Build.0 = Release|x64
		{29356642-C46E-4144-83D8-22DC09D0D7FD}.Release|x86.ActiveCfg = Release|Win32
		{29356642-C46E-4144-83D8-22DC09D0D7FD}.Release|x86.Build.0 = Release|Win32
		{2AFCE830-B463-49B3-A026-877E5EAFC0A4}.Debug|Any CPU.ActiveCfg = Debug|Any CPU
		{2AFCE830-B463-49B3-A026-877E5EAFC0A4}.Debug|Any CPU.Build.0 = Debug|Any CPU
		{2AFCE830-B463-49B3-A026-877E5EAFC0A4}.Debug|x64.ActiveCfg = Debug|Any CPU
		{2AFCE830-B463-49B3-A026-877E5EAFC0A4}.Debug|x64.Build.0 = Debug|Any CPU
		{2AFCE830-B463-49B3-A026-877E5EAFC0A4}.Debug|x86.ActiveCfg = Debug|Any CPU
		{2AFCE830-B463-49B3-A026-877E5EAFC0A4}.Debug|x86.Build.0 = Debug|Any CPU
		{2AFCE830-B463-49B3-A026-877E5EAFC0A4}.Release|Any CPU.ActiveCfg = Release|Any CPU
		{2AFCE830-B463-49B3-A026-877E5EAFC0A4}.Release|Any CPU.Build.0 = Release|Any CPU
		{2AFCE830-B463-49B3-A026-877E5EAFC0A4}.Release|x64.ActiveCfg = Release|Any CPU
		{2AFCE830-B463-49B3-A026-877E5EAFC0A4}.Release|x64.Build.0 = Release|Any CPU
		{2AFCE830-B463-49B3-A026-877E5EAFC0A4}.Release|x86.ActiveCfg = Release|Any CPU
		{2AFCE830-B463-49B3-A026-877E5EAFC0A4}.Release|x86.Build.0 = Release|Any CPU
		{40C796B5-88CE-4ADC-ACD6-2F4862B7F136}.Debug|Any CPU.ActiveCfg = Debug|Any CPU
		{40C796B5-88CE-4ADC-ACD6-2F4862B7F136}.Debug|Any CPU.Build.0 = Debug|Any CPU
		{40C796B5-88CE-4ADC-ACD6-2F4862B7F136}.Debug|x64.ActiveCfg = Debug|Any CPU
		{40C796B5-88CE-4ADC-ACD6-2F4862B7F136}.Debug|x64.Build.0 = Debug|Any CPU
		{40C796B5-88CE-4ADC-ACD6-2F4862B7F136}.Debug|x86.ActiveCfg = Debug|Any CPU
		{40C796B5-88CE-4ADC-ACD6-2F4862B7F136}.Debug|x86.Build.0 = Debug|Any CPU
		{40C796B5-88CE-4ADC-ACD6-2F4862B7F136}.Release|Any CPU.ActiveCfg = Release|Any CPU
		{40C796B5-88CE-4ADC-ACD6-2F4862B7F136}.Release|Any CPU.Build.0 = Release|Any CPU
		{40C796B5-88CE-4ADC-ACD6-2F4862B7F136}.Release|x64.ActiveCfg = Release|Any CPU
		{40C796B5-88CE-4ADC-ACD6-2F4862B7F136}.Release|x64.Build.0 = Release|Any CPU
		{40C796B5-88CE-4ADC-ACD6-2F4862B7F136}.Release|x86.ActiveCfg = Release|Any CPU
		{40C796B5-88CE-4ADC-ACD6-2F4862B7F136}.Release|x86.Build.0 = Release|Any CPU
	EndGlobalSection
	GlobalSection(SolutionProperties) = preSolution
		HideSolutionNode = FALSE
	EndGlobalSection
	GlobalSection(ExtensibilityGlobals) = postSolution
		SolutionGuid = {F8734F96-97B6-40CA-B791-6D5467F2F713}
	EndGlobalSection
EndGlobal
