
Microsoft Visual Studio Solution File, Format Version 12.00
# Visual Studio 14
VisualStudioVersion = 14.0.25420.1
MinimumVisualStudioVersion = 10.0.40219.1
Project("{FAE04EC0-301F-11D3-BF4B-00C04F79EFBC}") = "Unity Studio", "Unity Studio\Unity Studio.csproj", "{24551E2D-E9B6-4CD6-8F2A-D9F4A13E7853}"
EndProject
Project("{FAE04EC0-301F-11D3-BF4B-00C04F79EFBC}") = "Unity Studio-x86", "Unity Studio\Unity Studio-x86.csproj", "{F5E07FB2-95E4-417F-943F-D439D9A03BBA}"
EndProject
Global
	GlobalSection(SolutionConfigurationPlatforms) = preSolution
		Debug|Any CPU = Debug|Any CPU
		Release|Any CPU = Release|Any CPU
	EndGlobalSection
	GlobalSection(ProjectConfigurationPlatforms) = postSolution
		{24551E2D-E9B6-4CD6-8F2A-D9F4A13E7853}.Debug|Any CPU.ActiveCfg = Debug|x64
		{24551E2D-E9B6-4CD6-8F2A-D9F4A13E7853}.Debug|Any CPU.Build.0 = Debug|x64
		{24551E2D-E9B6-4CD6-8F2A-D9F4A13E7853}.Release|Any CPU.ActiveCfg = Release|x64
		{24551E2D-E9B6-4CD6-8F2A-D9F4A13E7853}.Release|Any CPU.Build.0 = Release|x64
		{F5E07FB2-95E4-417F-943F-D439D9A03BBA}.Debug|Any CPU.ActiveCfg = Debug|x86
		{F5E07FB2-95E4-417F-943F-D439D9A03BBA}.Debug|Any CPU.Build.0 = Debug|x86
		{F5E07FB2-95E4-417F-943F-D439D9A03BBA}.Release|Any CPU.ActiveCfg = Release|x86
		{F5E07FB2-95E4-417F-943F-D439D9A03BBA}.Release|Any CPU.Build.0 = Release|x86
	EndGlobalSection
	GlobalSection(SolutionProperties) = preSolution
		HideSolutionNode = FALSE
	EndGlobalSection
EndGlobal
